// !$*UTF8*$!
{
	archiveVersion = 1;
	classes = {
	};
	objectVersion = 51;
	objects = {

/* Begin PBXBuildFile section */
		04C5289B28525F6F00E15013 /* AppDelegate.swift in Sources */ = {isa = PBXBuildFile; fileRef = 04C5289A28525F6F00E15013 /* AppDelegate.swift */; };
		04C5289D28525F6F00E15013 /* SceneDelegate.swift in Sources */ = {isa = PBXBuildFile; fileRef = 04C5289C28525F6F00E15013 /* SceneDelegate.swift */; };
		04C5289F28525F6F00E15013 /* ViewController.swift in Sources */ = {isa = PBXBuildFile; fileRef = 04C5289E28525F6F00E15013 /* ViewController.swift */; };
		04C528A228525F6F00E15013 /* Main.storyboard in Resources */ = {isa = PBXBuildFile; fileRef = 04C528A028525F6F00E15013 /* Main.storyboard */; };
		04C528A428525F7000E15013 /* Assets.xcassets in Resources */ = {isa = PBXBuildFile; fileRef = 04C528A328525F7000E15013 /* Assets.xcassets */; };
		04C528A728525F7000E15013 /* LaunchScreen.storyboard in Resources */ = {isa = PBXBuildFile; fileRef = 04C528A528525F7000E15013 /* LaunchScreen.storyboard */; };
		04C528B72852618E00E15013 /* EmployeeModel.swift in Sources */ = {isa = PBXBuildFile; fileRef = 04C528B62852618E00E15013 /* EmployeeModel.swift */; };
		DFE94643543ED2BE792A5D0C /* Pods_SampleApplication.framework in Frameworks */ = {isa = PBXBuildFile; fileRef = ADC846937643612812746498 /* Pods_SampleApplication.framework */; };
/* End PBXBuildFile section */

/* Begin PBXFileReference section */
		04C5289728525F6F00E15013 /* SampleApplication.app */ = {isa = PBXFileReference; explicitFileType = wrapper.application; includeInIndex = 0; path = SampleApplication.app; sourceTree = BUILT_PRODUCTS_DIR; };
		04C5289A28525F6F00E15013 /* AppDelegate.swift */ = {isa = PBXFileReference; lastKnownFileType = sourcecode.swift; path = AppDelegate.swift; sourceTree = "<group>"; };
		04C5289C28525F6F00E15013 /* SceneDelegate.swift */ = {isa = PBXFileReference; lastKnownFileType = sourcecode.swift; path = SceneDelegate.swift; sourceTree = "<group>"; };
		04C5289E28525F6F00E15013 /* ViewController.swift */ = {isa = PBXFileReference; lastKnownFileType = sourcecode.swift; path = ViewController.swift; sourceTree = "<group>"; };
		04C528A128525F6F00E15013 /* Base */ = {isa = PBXFileReference; lastKnownFileType = file.storyboard; name = Base; path = Base.lproj/Main.storyboard; sourceTree = "<group>"; };
		04C528A328525F7000E15013 /* Assets.xcassets */ = {isa = PBXFileReference; lastKnownFileType = folder.assetcatalog; path = Assets.xcassets; sourceTree = "<group>"; };
		04C528A628525F7000E15013 /* Base */ = {isa = PBXFileReference; lastKnownFileType = file.storyboard; name = Base; path = Base.lproj/LaunchScreen.storyboard; sourceTree = "<group>"; };
		04C528A828525F7000E15013 /* Info.plist */ = {isa = PBXFileReference; lastKnownFileType = text.plist.xml; path = Info.plist; sourceTree = "<group>"; };
		04C528B62852618E00E15013 /* EmployeeModel.swift */ = {isa = PBXFileReference; lastKnownFileType = sourcecode.swift; path = EmployeeModel.swift; sourceTree = "<group>"; };
		07AA9C7AC7B03696F8CA5A75 /* Pods-SampleApplication.release.xcconfig */ = {isa = PBXFileReference; includeInIndex = 1; lastKnownFileType = text.xcconfig; name = "Pods-SampleApplication.release.xcconfig"; path = "Target Support Files/Pods-SampleApplication/Pods-SampleApplication.release.xcconfig"; sourceTree = "<group>"; };
		5A6833BFDF899E0A11D4751D /* Pods-SampleApplication.debug.xcconfig */ = {isa = PBXFileReference; includeInIndex = 1; lastKnownFileType = text.xcconfig; name = "Pods-SampleApplication.debug.xcconfig"; path = "Target Support Files/Pods-SampleApplication/Pods-SampleApplication.debug.xcconfig"; sourceTree = "<group>"; };
		ADC846937643612812746498 /* Pods_SampleApplication.framework */ = {isa = PBXFileReference; explicitFileType = wrapper.framework; includeInIndex = 0; path = Pods_SampleApplication.framework; sourceTree = BUILT_PRODUCTS_DIR; };
/* End PBXFileReference section */

/* Begin PBXFrameworksBuildPhase section */
		04C5289428525F6F00E15013 /* Frameworks */ = {
			isa = PBXFrameworksBuildPhase;
			buildActionMask = 2147483647;
			files = (
				DFE94643543ED2BE792A5D0C /* Pods_SampleApplication.framework in Frameworks */,
			);
			runOnlyForDeploymentPostprocessing = 0;
		};
/* End PBXFrameworksBuildPhase section */

/* Begin PBXGroup section */
		04C5288E28525F6F00E15013 = {
			isa = PBXGroup;
			children = (
				04C5289928525F6F00E15013 /* SampleApplication */,
				04C5289828525F6F00E15013 /* Products */,
				39514B0F8331A8506DB71E88 /* Pods */,
				A353E414656B162274728788 /* Frameworks */,
			);
			sourceTree = "<group>";
		};
		04C5289828525F6F00E15013 /* Products */ = {
			isa = PBXGroup;
			children = (
				04C5289728525F6F00E15013 /* SampleApplication.app */,
			);
			name = Products;
			sourceTree = "<group>";
		};
		04C5289928525F6F00E15013 /* SampleApplication */ = {
			isa = PBXGroup;
			children = (
				04C5289A28525F6F00E15013 /* AppDelegate.swift */,
				04C5289C28525F6F00E15013 /* SceneDelegate.swift */,
				04C5289E28525F6F00E15013 /* ViewController.swift */,
				04C528B62852618E00E15013 /* EmployeeModel.swift */,
				04C528A028525F6F00E15013 /* Main.storyboard */,
				04C528A328525F7000E15013 /* Assets.xcassets */,
				04C528A528525F7000E15013 /* LaunchScreen.storyboard */,
				04C528A828525F7000E15013 /* Info.plist */,
			);
			path = SampleApplication;
			sourceTree = "<group>";
		};
		39514B0F8331A8506DB71E88 /* Pods */ = {
			isa = PBXGroup;
			children = (
				5A6833BFDF899E0A11D4751D /* Pods-SampleApplication.debug.xcconfig */,
				07AA9C7AC7B03696F8CA5A75 /* Pods-SampleApplication.release.xcconfig */,
			);
			path = Pods;
			sourceTree = "<group>";
		};
		A353E414656B162274728788 /* Frameworks */ = {
			isa = PBXGroup;
			children = (
				ADC846937643612812746498 /* Pods_SampleApplication.framework */,
			);
			name = Frameworks;
			sourceTree = "<group>";
		};
/* End PBXGroup section */

/* Begin PBXNativeTarget section */
		04C5289628525F6F00E15013 /* SampleApplication */ = {
			isa = PBXNativeTarget;
			buildConfigurationList = 04C528AB28525F7000E15013 /* Build configuration list for PBXNativeTarget "SampleApplication" */;
			buildPhases = (
				793A18208C4EC0E2BB187007 /* [CP] Check Pods Manifest.lock */,
				04C5289328525F6F00E15013 /* Sources */,
				04C5289428525F6F00E15013 /* Frameworks */,
				04C5289528525F6F00E15013 /* Resources */,
				19638A47F3BF03A9D7DE3661 /* [CP] Embed Pods Frameworks */,
			);
			buildRules = (
			);
			dependencies = (
			);
			name = SampleApplication;
			productName = SampleApplication;
			productReference = 04C5289728525F6F00E15013 /* SampleApplication.app */;
			productType = "com.apple.product-type.application";
		};
/* End PBXNativeTarget section */

/* Begin PBXProject section */
		04C5288F28525F6F00E15013 /* Project object */ = {
			isa = PBXProject;
			attributes = {
				LastSwiftUpdateCheck = 1240;
				LastUpgradeCheck = 1240;
				TargetAttributes = {
					04C5289628525F6F00E15013 = {
						CreatedOnToolsVersion = 12.4;
					};
				};
			};
			buildConfigurationList = 04C5289228525F6F00E15013 /* Build configuration list for PBXProject "SampleApplication" */;
			compatibilityVersion = "Xcode 9.3";
			developmentRegion = en;
			hasScannedForEncodings = 0;
			knownRegions = (
				en,
				Base,
			);
			mainGroup = 04C5288E28525F6F00E15013;
			productRefGroup = 04C5289828525F6F00E15013 /* Products */;
			projectDirPath = "";
			projectRoot = "";
			targets = (
				04C5289628525F6F00E15013 /* SampleApplication */,
			);
		};
/* End PBXProject section */

/* Begin PBXResourcesBuildPhase section */
		04C5289528525F6F00E15013 /* Resources */ = {
			isa = PBXResourcesBuildPhase;
			buildActionMask = 2147483647;
			files = (
				04C528A728525F7000E15013 /* LaunchScreen.storyboard in Resources */,
				04C528A428525F7000E15013 /* Assets.xcassets in Resources */,
				04C528A228525F6F00E15013 /* Main.storyboard in Resources */,
			);
			runOnlyForDeploymentPostprocessing = 0;
		};
/* End PBXResourcesBuildPhase section */

/* Begin PBXShellScriptBuildPhase section */
		19638A47F3BF03A9D7DE3661 /* [CP] Embed Pods Frameworks */ = {
			isa = PBXShellScriptBuildPhase;
			buildActionMask = 2147483647;
			files = (
			);
			inputFileListPaths = (
				"${PODS_ROOT}/Target Support Files/Pods-SampleApplication/Pods-SampleApplication-frameworks-${CONFIGURATION}-input-files.xcfilelist",
			);
			name = "[CP] Embed Pods Frameworks";
			outputFileListPaths = (
				"${PODS_ROOT}/Target Support Files/Pods-SampleApplication/Pods-SampleApplication-frameworks-${CONFIGURATION}-output-files.xcfilelist",
			);
			runOnlyForDeploymentPostprocessing = 0;
			shellPath = /bin/sh;
			shellScript = "\"${PODS_ROOT}/Target Support Files/Pods-SampleApplication/Pods-SampleApplication-frameworks.sh\"\n";
			showEnvVarsInLog = 0;
		};
		793A18208C4EC0E2BB187007 /* [CP] Check Pods Manifest.lock */ = {
			isa = PBXShellScriptBuildPhase;
			buildActionMask = 2147483647;
			files = (
			);
			inputFileListPaths = (
			);
			inputPaths = (
				"${PODS_PODFILE_DIR_PATH}/Podfile.lock",
				"${PODS_ROOT}/Manifest.lock",
			);
			name = "[CP] Check Pods Manifest.lock";
			outputFileListPaths = (
			);
			outputPaths = (
				"$(DERIVED_FILE_DIR)/Pods-SampleApplication-checkManifestLockResult.txt",
			);
			runOnlyForDeploymentPostprocessing = 0;
			shellPath = /bin/sh;
			shellScript = "diff \"${PODS_PODFILE_DIR_PATH}/Podfile.lock\" \"${PODS_ROOT}/Manifest.lock\" > /dev/null\nif [ $? != 0 ] ; then\n    # print error to STDERR\n    echo \"error: The sandbox is not in sync with the Podfile.lock. Run 'pod install' or update your CocoaPods installation.\" >&2\n    exit 1\nfi\n# This output is used by Xcode 'outputs' to avoid re-running this script phase.\necho \"SUCCESS\" > \"${SCRIPT_OUTPUT_FILE_0}\"\n";
			showEnvVarsInLog = 0;
		};
/* End PBXShellScriptBuildPhase section */

/* Begin PBXSourcesBuildPhase section */
		04C5289328525F6F00E15013 /* Sources */ = {
			isa = PBXSourcesBuildPhase;
			buildActionMask = 2147483647;
			files = (
				04C5289F28525F6F00E15013 /* ViewController.swift in Sources */,
				04C5289B28525F6F00E15013 /* AppDelegate.swift in Sources */,
				04C5289D28525F6F00E15013 /* SceneDelegate.swift in Sources */,
				04C528B72852618E00E15013 /* EmployeeModel.swift in Sources */,
			);
			runOnlyForDeploymentPostprocessing = 0;
		};
/* End PBXSourcesBuildPhase section */

/* Begin PBXVariantGroup section */
		04C528A028525F6F00E15013 /* Main.storyboard */ = {
			isa = PBXVariantGroup;
			children = (
				04C528A128525F6F00E15013 /* Base */,
			);
			name = Main.storyboard;
			sourceTree = "<group>";
		};
		04C528A528525F7000E15013 /* LaunchScreen.storyboard */ = {
			isa = PBXVariantGroup;
			children = (
				04C528A628525F7000E15013 /* Base */,
			);
			name = LaunchScreen.storyboard;
			sourceTree = "<group>";
		};
/* End PBXVariantGroup section */

/* Begin XCBuildConfiguration section */
		04C528A928525F7000E15013 /* Debug */ = {
			isa = XCBuildConfiguration;
			buildSettings = {
				ALWAYS_SEARCH_USER_PATHS = NO;
				CLANG_ANALYZER_NONNULL = YES;
				CLANG_ANALYZER_NUMBER_OBJECT_CONVERSION = YES_AGGRESSIVE;
				CLANG_CXX_LANGUAGE_STANDARD = "gnu++14";
				CLANG_CXX_LIBRARY = "libc++";
				CLANG_ENABLE_MODULES = YES;
				CLANG_ENABLE_OBJC_ARC = YES;
				CLANG_ENABLE_OBJC_WEAK = YES;
				CLANG_WARN_BLOCK_CAPTURE_AUTORELEASING = YES;
				CLANG_WARN_BOOL_CONVERSION = YES;
				CLANG_WARN_COMMA = YES;
				CLANG_WARN_CONSTANT_CONVERSION = YES;
				CLANG_WARN_DEPRECATED_OBJC_IMPLEMENTATIONS = YES;
				CLANG_WARN_DIRECT_OBJC_ISA_USAGE = YES_ERROR;
				CLANG_WARN_DOCUMENTATION_COMMENTS = YES;
				CLANG_WARN_EMPTY_BODY = YES;
				CLANG_WARN_ENUM_CONVERSION = YES;
				CLANG_WARN_INFINITE_RECURSION = YES;
				CLANG_WARN_INT_CONVERSION = YES;
				CLANG_WARN_NON_LITERAL_NULL_CONVERSION = YES;
				CLANG_WARN_OBJC_IMPLICIT_RETAIN_SELF = YES;
				CLANG_WARN_OBJC_LITERAL_CONVERSION = YES;
				CLANG_WARN_OBJC_ROOT_CLASS = YES_ERROR;
				CLANG_WARN_QUOTED_INCLUDE_IN_FRAMEWORK_HEADER = YES;
				CLANG_WARN_RANGE_LOOP_ANALYSIS = YES;
				CLANG_WARN_STRICT_PROTOTYPES = YES;
				CLANG_WARN_SUSPICIOUS_MOVE = YES;
				CLANG_WARN_UNGUARDED_AVAILABILITY = YES_AGGRESSIVE;
				CLANG_WARN_UNREACHABLE_CODE = YES;
				CLANG_WARN__DUPLICATE_METHOD_MATCH = YES;
				COPY_PHASE_STRIP = NO;
				DEBUG_INFORMATION_FORMAT = dwarf;
				ENABLE_STRICT_OBJC_MSGSEND = YES;
				ENABLE_TESTABILITY = YES;
				GCC_C_LANGUAGE_STANDARD = gnu11;
				GCC_DYNAMIC_NO_PIC = NO;
				GCC_NO_COMMON_BLOCKS = YES;
				GCC_OPTIMIZATION_LEVEL = 0;
				GCC_PREPROCESSOR_DEFINITIONS = (
					"DEBUG=1",
					"$(inherited)",
				);
				GCC_WARN_64_TO_32_BIT_CONVERSION = YES;
				GCC_WARN_ABOUT_RETURN_TYPE = YES_ERROR;
				GCC_WARN_UNDECLARED_SELECTOR = YES;
				GCC_WARN_UNINITIALIZED_AUTOS = YES_AGGRESSIVE;
				GCC_WARN_UNUSED_FUNCTION = YES;
				GCC_WARN_UNUSED_VARIABLE = YES;
				IPHONEOS_DEPLOYMENT_TARGET = 14.4;
				MTL_ENABLE_DEBUG_INFO = INCLUDE_SOURCE;
				MTL_FAST_MATH = YES;
				ONLY_ACTIVE_ARCH = YES;
				SDKROOT = iphoneos;
				SWIFT_ACTIVE_COMPILATION_CONDITIONS = DEBUG;
				SWIFT_OPTIMIZATION_LEVEL = "-Onone";
			};
			name = Debug;
		};
		04C528AA28525F7000E15013 /* Release */ = {
			isa = XCBuildConfiguration;
			buildSettings = {
				ALWAYS_SEARCH_USER_PATHS = NO;
				CLANG_ANALYZER_NONNULL = YES;
				CLANG_ANALYZER_NUMBER_OBJECT_CONVERSION = YES_AGGRESSIVE;
				CLANG_CXX_LANGUAGE_STANDARD = "gnu++14";
				CLANG_CXX_LIBRARY = "libc++";
				CLANG_ENABLE_MODULES = YES;
				CLANG_ENABLE_OBJC_ARC = YES;
				CLANG_ENABLE_OBJC_WEAK = YES;
				CLANG_WARN_BLOCK_CAPTURE_AUTORELEASING = YES;
				CLANG_WARN_BOOL_CONVERSION = YES;
				CLANG_WARN_COMMA = YES;
				CLANG_WARN_CONSTANT_CONVERSION = YES;
				CLANG_WARN_DEPRECATED_OBJC_IMPLEMENTATIONS = YES;
				CLANG_WARN_DIRECT_OBJC_ISA_USAGE = YES_ERROR;
				CLANG_WARN_DOCUMENTATION_COMMENTS = YES;
				CLANG_WARN_EMPTY_BODY = YES;
				CLANG_WARN_ENUM_CONVERSION = YES;
				CLANG_WARN_INFINITE_RECURSION = YES;
				CLANG_WARN_INT_CONVERSION = YES;
				CLANG_WARN_NON_LITERAL_NULL_CONVERSION = YES;
				CLANG_WARN_OBJC_IMPLICIT_RETAIN_SELF = YES;
				CLANG_WARN_OBJC_LITERAL_CONVERSION = YES;
				CLANG_WARN_OBJC_ROOT_CLASS = YES_ERROR;
				CLANG_WARN_QUOTED_INCLUDE_IN_FRAMEWORK_HEADER = YES;
				CLANG_WARN_RANGE_LOOP_ANALYSIS = YES;
				CLANG_WARN_STRICT_PROTOTYPES = YES;
				CLANG_WARN_SUSPICIOUS_MOVE = YES;
				CLANG_WARN_UNGUARDED_AVAILABILITY = YES_AGGRESSIVE;
				CLANG_WARN_UNREACHABLE_CODE = YES;
				CLANG_WARN__DUPLICATE_METHOD_MATCH = YES;
				COPY_PHASE_STRIP = NO;
				DEBUG_INFORMATION_FORMAT = "dwarf-with-dsym";
				ENABLE_NS_ASSERTIONS = NO;
				ENABLE_STRICT_OBJC_MSGSEND = YES;
				GCC_C_LANGUAGE_STANDARD = gnu11;
				GCC_NO_COMMON_BLOCKS = YES;
				GCC_WARN_64_TO_32_BIT_CONVERSION = YES;
				GCC_WARN_ABOUT_RETURN_TYPE = YES_ERROR;
				GCC_WARN_UNDECLARED_SELECTOR = YES;
				GCC_WARN_UNINITIALIZED_AUTOS = YES_AGGRESSIVE;
				GCC_WARN_UNUSED_FUNCTION = YES;
				GCC_WARN_UNUSED_VARIABLE = YES;
				IPHONEOS_DEPLOYMENT_TARGET = 14.4;
				MTL_ENABLE_DEBUG_INFO = NO;
				MTL_FAST_MATH = YES;
				SDKROOT = iphoneos;
				SWIFT_COMPILATION_MODE = wholemodule;
				SWIFT_OPTIMIZATION_LEVEL = "-O";
				VALIDATE_PRODUCT = YES;
			};
			name = Release;
		};
		04C528AC28525F7000E15013 /* Debug */ = {
			isa = XCBuildConfiguration;
			baseConfigurationReference = 5A6833BFDF899E0A11D4751D /* Pods-SampleApplication.debug.xcconfig */;
			buildSettings = {
				ASSETCATALOG_COMPILER_APPICON_NAME = AppIcon;
				ASSETCATALOG_COMPILER_GLOBAL_ACCENT_COLOR_NAME = AccentColor;
				CODE_SIGN_STYLE = Automatic;
				DEVELOPMENT_TEAM = 9EVNS97F8T;
				INFOPLIST_FILE = SampleApplication/Info.plist;
				LD_RUNPATH_SEARCH_PATHS = (
					"$(inherited)",
					"@executable_path/Frameworks",
				);
				PRODUCT_BUNDLE_IDENTIFIER = com.Saanvi.SampleApplication;
				PRODUCT_NAME = "$(TARGET_NAME)";
				SWIFT_VERSION = 5.0;
				TARGETED_DEVICE_FAMILY = "1,2";
			};
			name = Debug;
		};
		04C528AD28525F7000E15013 /* Release */ = {
			isa = XCBuildConfiguration;
			baseConfigurationReference = 07AA9C7AC7B03696F8CA5A75 /* Pods-SampleApplication.release.xcconfig */;
			buildSettings = {
				ASSETCATALOG_COMPILER_APPICON_NAME = AppIcon;
				ASSETCATALOG_COMPILER_GLOBAL_ACCENT_COLOR_NAME = AccentColor;
				CODE_SIGN_STYLE = Automatic;
				DEVELOPMENT_TEAM = 9EVNS97F8T;
				INFOPLIST_FILE = SampleApplication/Info.plist;
				LD_RUNPATH_SEARCH_PATHS = (
					"$(inherited)",
					"@executable_path/Frameworks",
				);
				PRODUCT_BUNDLE_IDENTIFIER = com.Saanvi.SampleApplication;
				PRODUCT_NAME = "$(TARGET_NAME)";
				SWIFT_VERSION = 5.0;
				TARGETED_DEVICE_FAMILY = "1,2";
			};
			name = Release;
		};
/* End XCBuildConfiguration section */

/* Begin XCConfigurationList section */
		04C5289228525F6F00E15013 /* Build configuration list for PBXProject "SampleApplication" */ = {
			isa = XCConfigurationList;
			buildConfigurations = (
				04C528A928525F7000E15013 /* Debug */,
				04C528AA28525F7000E15013 /* Release */,
			);
			defaultConfigurationIsVisible = 0;
			defaultConfigurationName = Release;
		};
		04C528AB28525F7000E15013 /* Build configuration list for PBXNativeTarget "SampleApplication" */ = {
			isa = XCConfigurationList;
			buildConfigurations = (
				04C528AC28525F7000E15013 /* Debug */,
				04C528AD28525F7000E15013 /* Release */,
			);
			defaultConfigurationIsVisible = 0;
			defaultConfigurationName = Release;
		};
/* End XCConfigurationList section */
	};
	rootObject = 04C5288F28525F6F00E15013 /* Project object */;
}
